
Microsoft Visual Studio Solution File, Format Version 12.00
# Visual Studio Version 17
VisualStudioVersion = 17.5.2.0
MinimumVisualStudioVersion = 10.0.40219.1
Project("{2150E333-8FDC-42A3-9474-1A3956D46DE8}") = "Ejercicios", "Ejercicios", "{6BD3A752-4699-1EE2-94DE-096D2A112C48}"
EndProject
Project("{FAE04EC0-301F-11D3-BF4B-00C04F79EFBC}") = "limpiar-scv", "Ejercicios\limpiar-scv\limpiar-scv.csproj", "{7BB0D815-A78F-3786-67C0-B5642DAE34C2}"
EndProject
Project("{FAE04EC0-301F-11D3-BF4B-00C04F79EFBC}") = "MLNET_SAACLENDATASET", "Ejercicios\MLNET_SAACLENDATASET\MLNET_SAACLENDATASET.csproj", "{8A20F8E6-ADD6-487E-A7E1-1465F1815058}"
EndProject
Project("{2150E333-8FDC-42A3-9474-1A3956D46DE8}") = "Tema 3", "Tema 3", "{55BD7FA2-F1CD-FEB8-F75A-453122C59D61}"
EndProject
Project("{FAE04EC0-301F-11D3-BF4B-00C04F79EFBC}") = "ClusteringKMeans", "Ejercicios\Tema 3\ClusteringKMeans\ClusteringKMeans.csproj", "{5499D439-B241-4662-8D86-9B0C10D1FE24}"
EndProject
Project("{FAE04EC0-301F-11D3-BF4B-00C04F79EFBC}") = "KMeansConPCA", "KMeansConPCA.csproj", "{D24458A6-A85D-41FD-9100-43BD7D2F7D21}"
EndProject
Project("{FAE04EC0-301F-11D3-BF4B-00C04F79EFBC}") = "clientes", "clientes.csproj", "{5730FA26-C83C-4AD8-B70A-A31F40BBF94E}"
EndProject
Project("{FAE04EC0-301F-11D3-BF4B-00C04F79EFBC}") = "vivienda", "vivienda.csproj", "{4709B0C1-547C-4974-9CB2-6D3D7175E6F1}"
EndProject
Project("{2150E333-8FDC-42A3-9474-1A3956D46DE8}") = "Tema-3", "Tema-3", "{C9CCF888-1592-0F18-49C9-885C2DC84427}"
EndProject
Project("{FAE04EC0-301F-11D3-BF4B-00C04F79EFBC}") = "DeteccionDeAnomalias", "Ejercicios\Tema-3\DeteccionDeAnomalias\DeteccionDeAnomalias.csproj", "{7F54A88A-03C7-4A06-BD4D-1BB086F5880B}"
EndProject
Project("{2150E333-8FDC-42A3-9474-1A3956D46DE8}") = "Ejemplos", "Ejemplos", "{10A4C528-C26F-3548-57B7-DA9945CFEBC0}"
EndProject
Project("{FAE04EC0-301F-11D3-BF4B-00C04F79EFBC}") = "LDA", "Ejercicios\Tema-3\Ejemplos\LDA\LDA.csproj", "{76795FEC-7247-4B13-8CF6-7D00F7910AE5}"
EndProject
Global
	GlobalSection(SolutionConfigurationPlatforms) = preSolution
		Debug|Any CPU = Debug|Any CPU
		Debug|x64 = Debug|x64
		Debug|x86 = Debug|x86
		Release|Any CPU = Release|Any CPU
		Release|x64 = Release|x64
		Release|x86 = Release|x86
	EndGlobalSection
	GlobalSection(ProjectConfigurationPlatforms) = postSolution
		{7BB0D815-A78F-3786-67C0-B5642DAE34C2}.Debug|Any CPU.ActiveCfg = Debug|Any CPU
		{7BB0D815-A78F-3786-67C0-B5642DAE34C2}.Debug|Any CPU.Build.0 = Debug|Any CPU
		{7BB0D815-A78F-3786-67C0-B5642DAE34C2}.Debug|x64.ActiveCfg = Debug|Any CPU
		{7BB0D815-A78F-3786-67C0-B5642DAE34C2}.Debug|x64.Build.0 = Debug|Any CPU
		{7BB0D815-A78F-3786-67C0-B5642DAE34C2}.Debug|x86.ActiveCfg = Debug|Any CPU
		{7BB0D815-A78F-3786-67C0-B5642DAE34C2}.Debug|x86.Build.0 = Debug|Any CPU
		{7BB0D815-A78F-3786-67C0-B5642DAE34C2}.Release|Any CPU.ActiveCfg = Release|Any CPU
		{7BB0D815-A78F-3786-67C0-B5642DAE34C2}.Release|Any CPU.Build.0 = Release|Any CPU
		{7BB0D815-A78F-3786-67C0-B5642DAE34C2}.Release|x64.ActiveCfg = Release|Any CPU
		{7BB0D815-A78F-3786-67C0-B5642DAE34C2}.Release|x64.Build.0 = Release|Any CPU
		{7BB0D815-A78F-3786-67C0-B5642DAE34C2}.Release|x86.ActiveCfg = Release|Any CPU
		{7BB0D815-A78F-3786-67C0-B5642DAE34C2}.Release|x86.Build.0 = Release|Any CPU
		{8A20F8E6-ADD6-487E-A7E1-1465F1815058}.Debug|Any CPU.ActiveCfg = Debug|Any CPU
		{8A20F8E6-ADD6-487E-A7E1-1465F1815058}.Debug|Any CPU.Build.0 = Debug|Any CPU
		{8A20F8E6-ADD6-487E-A7E1-1465F1815058}.Debug|x64.ActiveCfg = Debug|Any CPU
		{8A20F8E6-ADD6-487E-A7E1-1465F1815058}.Debug|x64.Build.0 = Debug|Any CPU
		{8A20F8E6-ADD6-487E-A7E1-1465F1815058}.Debug|x86.ActiveCfg = Debug|Any CPU
		{8A20F8E6-ADD6-487E-A7E1-1465F1815058}.Debug|x86.Build.0 = Debug|Any CPU
		{8A20F8E6-ADD6-487E-A7E1-1465F1815058}.Release|Any CPU.ActiveCfg = Release|Any CPU
		{8A20F8E6-ADD6-487E-A7E1-1465F1815058}.Release|Any CPU.Build.0 = Release|Any CPU
		{8A20F8E6-ADD6-487E-A7E1-1465F1815058}.Release|x64.ActiveCfg = Release|Any CPU
		{8A20F8E6-ADD6-487E-A7E1-1465F1815058}.Release|x64.Build.0 = Release|Any CPU
		{8A20F8E6-ADD6-487E-A7E1-1465F1815058}.Release|x86.ActiveCfg = Release|Any CPU
		{8A20F8E6-ADD6-487E-A7E1-1465F1815058}.Release|x86.Build.0 = Release|Any CPU
		{5499D439-B241-4662-8D86-9B0C10D1FE24}.Debug|Any CPU.ActiveCfg = Debug|Any CPU
		{5499D439-B241-4662-8D86-9B0C10D1FE24}.Debug|Any CPU.Build.0 = Debug|Any CPU
		{5499D439-B241-4662-8D86-9B0C10D1FE24}.Debug|x64.ActiveCfg = Debug|Any CPU
		{5499D439-B241-4662-8D86-9B0C10D1FE24}.Debug|x64.Build.0 = Debug|Any CPU
		{5499D439-B241-4662-8D86-9B0C10D1FE24}.Debug|x86.ActiveCfg = Debug|Any CPU
		{5499D439-B241-4662-8D86-9B0C10D1FE24}.Debug|x86.Build.0 = Debug|Any CPU
		{5499D439-B241-4662-8D86-9B0C10D1FE24}.Release|Any CPU.ActiveCfg = Release|Any CPU
		{5499D439-B241-4662-8D86-9B0C10D1FE24}.Release|Any CPU.Build.0 = Release|Any CPU
		{5499D439-B241-4662-8D86-9B0C10D1FE24}.Release|x64.ActiveCfg = Release|Any CPU
		{5499D439-B241-4662-8D86-9B0C10D1FE24}.Release|x64.Build.0 = Release|Any CPU
		{5499D439-B241-4662-8D86-9B0C10D1FE24}.Release|x86.ActiveCfg = Release|Any CPU
		{5499D439-B241-4662-8D86-9B0C10D1FE24}.Release|x86.Build.0 = Release|Any CPU
		{7F54A88A-03C7-4A06-BD4D-1BB086F5880B}.Debug|Any CPU.ActiveCfg = Debug|Any CPU
		{7F54A88A-03C7-4A06-BD4D-1BB086F5880B}.Debug|Any CPU.Build.0 = Debug|Any CPU
		{7F54A88A-03C7-4A06-BD4D-1BB086F5880B}.Debug|x64.ActiveCfg = Debug|Any CPU
		{7F54A88A-03C7-4A06-BD4D-1BB086F5880B}.Debug|x64.Build.0 = Debug|Any CPU
		{7F54A88A-03C7-4A06-BD4D-1BB086F5880B}.Debug|x86.ActiveCfg = Debug|Any CPU
		{7F54A88A-03C7-4A06-BD4D-1BB086F5880B}.Debug|x86.Build.0 = Debug|Any CPU
		{7F54A88A-03C7-4A06-BD4D-1BB086F5880B}.Release|Any CPU.ActiveCfg = Release|Any CPU
		{7F54A88A-03C7-4A06-BD4D-1BB086F5880B}.Release|Any CPU.Build.0 = Release|Any CPU
		{7F54A88A-03C7-4A06-BD4D-1BB086F5880B}.Release|x64.ActiveCfg = Release|Any CPU
		{7F54A88A-03C7-4A06-BD4D-1BB086F5880B}.Release|x64.Build.0 = Release|Any CPU
		{7F54A88A-03C7-4A06-BD4D-1BB086F5880B}.Release|x86.ActiveCfg = Release|Any CPU
		{7F54A88A-03C7-4A06-BD4D-1BB086F5880B}.Release|x86.Build.0 = Release|Any CPU
		{76795FEC-7247-4B13-8CF6-7D00F7910AE5}.Debug|Any CPU.ActiveCfg = Debug|Any CPU
		{76795FEC-7247-4B13-8CF6-7D00F7910AE5}.Debug|Any CPU.Build.0 = Debug|Any CPU
		{76795FEC-7247-4B13-8CF6-7D00F7910AE5}.Debug|x64.ActiveCfg = Debug|Any CPU
		{76795FEC-7247-4B13-8CF6-7D00F7910AE5}.Debug|x64.Build.0 = Debug|Any CPU
		{76795FEC-7247-4B13-8CF6-7D00F7910AE5}.Debug|x86.ActiveCfg = Debug|Any CPU
		{76795FEC-7247-4B13-8CF6-7D00F7910AE5}.Debug|x86.Build.0 = Debug|Any CPU
		{76795FEC-7247-4B13-8CF6-7D00F7910AE5}.Release|Any CPU.ActiveCfg = Release|Any CPU
		{76795FEC-7247-4B13-8CF6-7D00F7910AE5}.Release|Any CPU.Build.0 = Release|Any CPU
		{76795FEC-7247-4B13-8CF6-7D00F7910AE5}.Release|x64.ActiveCfg = Release|Any CPU
		{76795FEC-7247-4B13-8CF6-7D00F7910AE5}.Release|x64.Build.0 = Release|Any CPU
		{76795FEC-7247-4B13-8CF6-7D00F7910AE5}.Release|x86.ActiveCfg = Release|Any CPU
		{76795FEC-7247-4B13-8CF6-7D00F7910AE5}.Release|x86.Build.0 = Release|Any CPU
	EndGlobalSection
	GlobalSection(SolutionProperties) = preSolution
		HideSolutionNode = FALSE
	EndGlobalSection
	GlobalSection(NestedProjects) = preSolution
		{7BB0D815-A78F-3786-67C0-B5642DAE34C2} = {6BD3A752-4699-1EE2-94DE-096D2A112C48}
		{8A20F8E6-ADD6-487E-A7E1-1465F1815058} = {6BD3A752-4699-1EE2-94DE-096D2A112C48}
		{55BD7FA2-F1CD-FEB8-F75A-453122C59D61} = {6BD3A752-4699-1EE2-94DE-096D2A112C48}
		{5499D439-B241-4662-8D86-9B0C10D1FE24} = {55BD7FA2-F1CD-FEB8-F75A-453122C59D61}
		{C9CCF888-1592-0F18-49C9-885C2DC84427} = {6BD3A752-4699-1EE2-94DE-096D2A112C48}
		{7F54A88A-03C7-4A06-BD4D-1BB086F5880B} = {C9CCF888-1592-0F18-49C9-885C2DC84427}
		{10A4C528-C26F-3548-57B7-DA9945CFEBC0} = {C9CCF888-1592-0F18-49C9-885C2DC84427}
		{76795FEC-7247-4B13-8CF6-7D00F7910AE5} = {10A4C528-C26F-3548-57B7-DA9945CFEBC0}
	EndGlobalSection
	GlobalSection(ExtensibilityGlobals) = postSolution
		SolutionGuid = {875E6260-8958-4525-9CB2-A83DC53BAE39}
	EndGlobalSection
EndGlobal
