Microsoft Visual Studio Solution File, Format Version 12.00
# Visual Studio Version 17
VisualStudioVersion = 17.5.2.0
MinimumVisualStudioVersion = 10.0.40219.1
Project("{FAE04EC0-301F-11D3-BF4B-00C04F79EFBC}") = "ClusteringKMeans", "ClusteringKMeans.csproj", "{4CE77853-A118-B301-D3AD-4F5C35E8AFB1}"
EndProject
Global
	GlobalSection(SolutionConfigurationPlatforms) = preSolution
		Debug|Any CPU = Debug|Any CPU
		Release|Any CPU = Release|Any CPU
	EndGlobalSection
	GlobalSection(ProjectConfigurationPlatforms) = postSolution
		{4CE77853-A118-B301-D3AD-4F5C35E8AFB1}.Debug|Any CPU.ActiveCfg = Debug|Any CPU
		{4CE77853-A118-B301-D3AD-4F5C35E8AFB1}.Debug|Any CPU.Build.0 = Debug|Any CPU
		{4CE77853-A118-B301-D3AD-4F5C35E8AFB1}.Release|Any CPU.ActiveCfg = Release|Any CPU
		{4CE77853-A118-B301-D3AD-4F5C35E8AFB1}.Release|Any CPU.Build.0 = Release|Any CPU
	EndGlobalSection
	GlobalSection(SolutionProperties) = preSolution
		HideSolutionNode = FALSE
	EndGlobalSection
	GlobalSection(ExtensibilityGlobals) = postSolution
		SolutionGuid = {06FF496C-B3A1-4EFE-B7E8-9A59EF8862F9}
	EndGlobalSection
EndGlobal
